
Microsoft Visual Studio Solution File, Format Version 12.00
# Visual Studio Version 17
VisualStudioVersion = 17.1.32210.238
MinimumVisualStudioVersion = 10.0.40219.1
Project("{FAE04EC0-301F-11D3-BF4B-00C04F79EFBC}") = "Smev3GosuslugiBot", "Smev3GosuslugiBot\Smev3GosuslugiBot.csproj", "{A78E75F6-7F68-41F9-B053-BCEB1D282AE9}"
EndProject
Project("{FAE04EC0-301F-11D3-BF4B-00C04F79EFBC}") = "Parser", "Parser\Parser.csproj", "{3D2C83BF-8C77-4016-A89A-995AA5A674B6}"
EndProject
Project("{FAE04EC0-301F-11D3-BF4B-00C04F79EFBC}") = "ParsingBackground", "ParsingBackground\ParsingBackground.csproj", "{8F34C0CC-C6E6-41CF-A3AF-608B971811EC}"
EndProject
Global
	GlobalSection(SolutionConfigurationPlatforms) = preSolution
		Debug|Any CPU = Debug|Any CPU
		Release|Any CPU = Release|Any CPU
	EndGlobalSection
	GlobalSection(ProjectConfigurationPlatforms) = postSolution
		{A78E75F6-7F68-41F9-B053-BCEB1D282AE9}.Debug|Any CPU.ActiveCfg = Debug|Any CPU
		{A78E75F6-7F68-41F9-B053-BCEB1D282AE9}.Debug|Any CPU.Build.0 = Debug|Any CPU
		{A78E75F6-7F68-41F9-B053-BCEB1D282AE9}.Release|Any CPU.ActiveCfg = Release|Any CPU
		{A78E75F6-7F68-41F9-B053-BCEB1D282AE9}.Release|Any CPU.Build.0 = Release|Any CPU
		{3D2C83BF-8C77-4016-A89A-995AA5A674B6}.Debug|Any CPU.ActiveCfg = Debug|Any CPU
		{3D2C83BF-8C77-4016-A89A-995AA5A674B6}.Debug|Any CPU.Build.0 = Debug|Any CPU
		{3D2C83BF-8C77-4016-A89A-995AA5A674B6}.Release|Any CPU.ActiveCfg = Release|Any CPU
		{3D2C83BF-8C77-4016-A89A-995AA5A674B6}.Release|Any CPU.Build.0 = Release|Any CPU
		{8F34C0CC-C6E6-41CF-A3AF-608B971811EC}.Debug|Any CPU.ActiveCfg = Debug|Any CPU
		{8F34C0CC-C6E6-41CF-A3AF-608B971811EC}.Debug|Any CPU.Build.0 = Debug|Any CPU
		{8F34C0CC-C6E6-41CF-A3AF-608B971811EC}.Release|Any CPU.ActiveCfg = Release|Any CPU
		{8F34C0CC-C6E6-41CF-A3AF-608B971811EC}.Release|Any CPU.Build.0 = Release|Any CPU
	EndGlobalSection
	GlobalSection(SolutionProperties) = preSolution
		HideSolutionNode = FALSE
	EndGlobalSection
	GlobalSection(ExtensibilityGlobals) = postSolution
		SolutionGuid = {041D1911-763F-4A33-940B-56DB6534AB36}
	EndGlobalSection
EndGlobal
